// !$*UTF8*$!
{
	archiveVersion = 1;
	classes = {
	};
	objectVersion = 56;
	objects = {

/* Begin PBXBuildFile section */
		814EE6D82B7337E3008595B4 /* CategoryHome.swift in Sources */ = {isa = PBXBuildFile; fileRef = 814EE6D72B7337E3008595B4 /* CategoryHome.swift */; };
		815154B52B667C2200620BCC /* hikeData.json in Resources */ = {isa = PBXBuildFile; fileRef = 815154B42B667C2200620BCC /* hikeData.json */; };
		815154B72B66809200620BCC /* Hike.swift in Sources */ = {isa = PBXBuildFile; fileRef = 815154B62B66809200620BCC /* Hike.swift */; };
		815154BD2B66868F00620BCC /* GraphCapsule.swift in Sources */ = {isa = PBXBuildFile; fileRef = 815154B92B66868F00620BCC /* GraphCapsule.swift */; };
		815154BE2B66868F00620BCC /* HikeGraph.swift in Sources */ = {isa = PBXBuildFile; fileRef = 815154BA2B66868F00620BCC /* HikeGraph.swift */; };
		815154BF2B66868F00620BCC /* HikeDetail.swift in Sources */ = {isa = PBXBuildFile; fileRef = 815154BB2B66868F00620BCC /* HikeDetail.swift */; };
		815154C02B66868F00620BCC /* HikeView.swift in Sources */ = {isa = PBXBuildFile; fileRef = 815154BC2B66868F00620BCC /* HikeView.swift */; };
		815CF0782B653E6500BCBEE0 /* BadgeSymbol.swift in Sources */ = {isa = PBXBuildFile; fileRef = 815CF0772B653E6500BCBEE0 /* BadgeSymbol.swift */; };
		815CF07A2B653EEA00BCBEE0 /* RotatedBadgeSymbol.swift in Sources */ = {isa = PBXBuildFile; fileRef = 815CF0792B653EEA00BCBEE0 /* RotatedBadgeSymbol.swift */; };
		815CF07C2B653F3000BCBEE0 /* Badge.swift in Sources */ = {isa = PBXBuildFile; fileRef = 815CF07B2B653F3000BCBEE0 /* Badge.swift */; };
		815D0D592B5CBFB6005A4D48 /* FavoriteButton.swift in Sources */ = {isa = PBXBuildFile; fileRef = 815D0D582B5CBFB6005A4D48 /* FavoriteButton.swift */; };
		81B4BAFA2B612FD900883583 /* HexagonParameters.swift in Sources */ = {isa = PBXBuildFile; fileRef = 81B4BAF92B612FD900883583 /* HexagonParameters.swift */; };
		81B4BAFC2B6133A900883583 /* BadgeBackground.swift in Sources */ = {isa = PBXBuildFile; fileRef = 81B4BAFB2B6133A900883583 /* BadgeBackground.swift */; };
		81BB55BD2B46A717008C470C /* LandmarkDetail.swift in Sources */ = {isa = PBXBuildFile; fileRef = 81BB55BC2B46A717008C470C /* LandmarkDetail.swift */; };
		81BB55BF2B46A7E6008C470C /* MapView.swift in Sources */ = {isa = PBXBuildFile; fileRef = 81BB55BE2B46A7E6008C470C /* MapView.swift */; };
		81BB55C12B46A7F4008C470C /* CircleImage.swift in Sources */ = {isa = PBXBuildFile; fileRef = 81BB55C02B46A7F4008C470C /* CircleImage.swift */; };
		81CBA48D2B4558ED007E33A0 /* LandmarksApp.swift in Sources */ = {isa = PBXBuildFile; fileRef = 81CBA48C2B4558ED007E33A0 /* LandmarksApp.swift */; };
		81CBA48F2B4558ED007E33A0 /* ContentView.swift in Sources */ = {isa = PBXBuildFile; fileRef = 81CBA48E2B4558ED007E33A0 /* ContentView.swift */; };
		81CBA4912B4558EF007E33A0 /* Assets.xcassets in Resources */ = {isa = PBXBuildFile; fileRef = 81CBA4902B4558EF007E33A0 /* Assets.xcassets */; };
		81CBA4942B4558EF007E33A0 /* Preview Assets.xcassets in Resources */ = {isa = PBXBuildFile; fileRef = 81CBA4932B4558EF007E33A0 /* Preview Assets.xcassets */; };
		81CBA49E2B4558EF007E33A0 /* LandmarksTests.swift in Sources */ = {isa = PBXBuildFile; fileRef = 81CBA49D2B4558EF007E33A0 /* LandmarksTests.swift */; };
		81CBA4A82B4558EF007E33A0 /* LandmarksUITests.swift in Sources */ = {isa = PBXBuildFile; fileRef = 81CBA4A72B4558EF007E33A0 /* LandmarksUITests.swift */; };
		81CBA4AA2B4558EF007E33A0 /* LandmarksUITestsLaunchTests.swift in Sources */ = {isa = PBXBuildFile; fileRef = 81CBA4A92B4558EF007E33A0 /* LandmarksUITestsLaunchTests.swift */; };
		81CBA4B72B45593C007E33A0 /* landmarkData.json in Resources */ = {isa = PBXBuildFile; fileRef = 81CBA4B62B45593C007E33A0 /* landmarkData.json */; };
		81CBA4B92B455976007E33A0 /* Landmark.swift in Sources */ = {isa = PBXBuildFile; fileRef = 81CBA4B82B455976007E33A0 /* Landmark.swift */; };
		81CBA4BB2B455BD0007E33A0 /* ModelData.swift in Sources */ = {isa = PBXBuildFile; fileRef = 81CBA4BA2B455BD0007E33A0 /* ModelData.swift */; };
		81CBA4C22B455F42007E33A0 /* LandmarkRow.swift in Sources */ = {isa = PBXBuildFile; fileRef = 81CBA4C12B455F42007E33A0 /* LandmarkRow.swift */; };
		81CBA4C42B4577E8007E33A0 /* LandmarkList.swift in Sources */ = {isa = PBXBuildFile; fileRef = 81CBA4C32B4577E8007E33A0 /* LandmarkList.swift */; };
/* End PBXBuildFile section */

/* Begin PBXContainerItemProxy section */
		81CBA49A2B4558EF007E33A0 /* PBXContainerItemProxy */ = {
			isa = PBXContainerItemProxy;
			containerPortal = 81CBA4812B4558ED007E33A0 /* Project object */;
			proxyType = 1;
			remoteGlobalIDString = 81CBA4882B4558ED007E33A0;
			remoteInfo = Landmarks;
		};
		81CBA4A42B4558EF007E33A0 /* PBXContainerItemProxy */ = {
			isa = PBXContainerItemProxy;
			containerPortal = 81CBA4812B4558ED007E33A0 /* Project object */;
			proxyType = 1;
			remoteGlobalIDString = 81CBA4882B4558ED007E33A0;
			remoteInfo = Landmarks;
		};
/* End PBXContainerItemProxy section */

/* Begin PBXFileReference section */
		814EE6D72B7337E3008595B4 /* CategoryHome.swift */ = {isa = PBXFileReference; lastKnownFileType = sourcecode.swift; path = CategoryHome.swift; sourceTree = "<group>"; };
		815154B42B667C2200620BCC /* hikeData.json */ = {isa = PBXFileReference; fileEncoding = 4; lastKnownFileType = text.json; path = hikeData.json; sourceTree = "<group>"; };
		815154B62B66809200620BCC /* Hike.swift */ = {isa = PBXFileReference; lastKnownFileType = sourcecode.swift; path = Hike.swift; sourceTree = "<group>"; };
		815154B92B66868F00620BCC /* GraphCapsule.swift */ = {isa = PBXFileReference; fileEncoding = 4; lastKnownFileType = sourcecode.swift; path = GraphCapsule.swift; sourceTree = "<group>"; };
		815154BA2B66868F00620BCC /* HikeGraph.swift */ = {isa = PBXFileReference; fileEncoding = 4; lastKnownFileType = sourcecode.swift; path = HikeGraph.swift; sourceTree = "<group>"; };
		815154BB2B66868F00620BCC /* HikeDetail.swift */ = {isa = PBXFileReference; fileEncoding = 4; lastKnownFileType = sourcecode.swift; path = HikeDetail.swift; sourceTree = "<group>"; };
		815154BC2B66868F00620BCC /* HikeView.swift */ = {isa = PBXFileReference; fileEncoding = 4; lastKnownFileType = sourcecode.swift; path = HikeView.swift; sourceTree = "<group>"; };
		815CF0772B653E6500BCBEE0 /* BadgeSymbol.swift */ = {isa = PBXFileReference; lastKnownFileType = sourcecode.swift; path = BadgeSymbol.swift; sourceTree = "<group>"; };
		815CF0792B653EEA00BCBEE0 /* RotatedBadgeSymbol.swift */ = {isa = PBXFileReference; lastKnownFileType = sourcecode.swift; path = RotatedBadgeSymbol.swift; sourceTree = "<group>"; };
		815CF07B2B653F3000BCBEE0 /* Badge.swift */ = {isa = PBXFileReference; lastKnownFileType = sourcecode.swift; path = Badge.swift; sourceTree = "<group>"; };
		815D0D582B5CBFB6005A4D48 /* FavoriteButton.swift */ = {isa = PBXFileReference; lastKnownFileType = sourcecode.swift; path = FavoriteButton.swift; sourceTree = "<group>"; };
		81B4BAF92B612FD900883583 /* HexagonParameters.swift */ = {isa = PBXFileReference; lastKnownFileType = sourcecode.swift; path = HexagonParameters.swift; sourceTree = "<group>"; };
		81B4BAFB2B6133A900883583 /* BadgeBackground.swift */ = {isa = PBXFileReference; lastKnownFileType = sourcecode.swift; path = BadgeBackground.swift; sourceTree = "<group>"; };
		81BB55BC2B46A717008C470C /* LandmarkDetail.swift */ = {isa = PBXFileReference; lastKnownFileType = sourcecode.swift; path = LandmarkDetail.swift; sourceTree = "<group>"; };
		81BB55BE2B46A7E6008C470C /* MapView.swift */ = {isa = PBXFileReference; fileEncoding = 4; lastKnownFileType = sourcecode.swift; path = MapView.swift; sourceTree = "<group>"; };
		81BB55C02B46A7F4008C470C /* CircleImage.swift */ = {isa = PBXFileReference; fileEncoding = 4; lastKnownFileType = sourcecode.swift; path = CircleImage.swift; sourceTree = "<group>"; };
		81CBA4892B4558ED007E33A0 /* Landmarks.app */ = {isa = PBXFileReference; explicitFileType = wrapper.application; includeInIndex = 0; path = Landmarks.app; sourceTree = BUILT_PRODUCTS_DIR; };
		81CBA48C2B4558ED007E33A0 /* LandmarksApp.swift */ = {isa = PBXFileReference; lastKnownFileType = sourcecode.swift; path = LandmarksApp.swift; sourceTree = "<group>"; };
		81CBA48E2B4558ED007E33A0 /* ContentView.swift */ = {isa = PBXFileReference; lastKnownFileType = sourcecode.swift; path = ContentView.swift; sourceTree = "<group>"; };
		81CBA4902B4558EF007E33A0 /* Assets.xcassets */ = {isa = PBXFileReference; lastKnownFileType = folder.assetcatalog; path = Assets.xcassets; sourceTree = "<group>"; };
		81CBA4932B4558EF007E33A0 /* Preview Assets.xcassets */ = {isa = PBXFileReference; lastKnownFileType = folder.assetcatalog; path = "Preview Assets.xcassets"; sourceTree = "<group>"; };
		81CBA4992B4558EF007E33A0 /* LandmarksTests.xctest */ = {isa = PBXFileReference; explicitFileType = wrapper.cfbundle; includeInIndex = 0; path = LandmarksTests.xctest; sourceTree = BUILT_PRODUCTS_DIR; };
		81CBA49D2B4558EF007E33A0 /* LandmarksTests.swift */ = {isa = PBXFileReference; lastKnownFileType = sourcecode.swift; path = LandmarksTests.swift; sourceTree = "<group>"; };
		81CBA4A32B4558EF007E33A0 /* LandmarksUITests.xctest */ = {isa = PBXFileReference; explicitFileType = wrapper.cfbundle; includeInIndex = 0; path = LandmarksUITests.xctest; sourceTree = BUILT_PRODUCTS_DIR; };
		81CBA4A72B4558EF007E33A0 /* LandmarksUITests.swift */ = {isa = PBXFileReference; lastKnownFileType = sourcecode.swift; path = LandmarksUITests.swift; sourceTree = "<group>"; };
		81CBA4A92B4558EF007E33A0 /* LandmarksUITestsLaunchTests.swift */ = {isa = PBXFileReference; lastKnownFileType = sourcecode.swift; path = LandmarksUITestsLaunchTests.swift; sourceTree = "<group>"; };
		81CBA4B62B45593C007E33A0 /* landmarkData.json */ = {isa = PBXFileReference; fileEncoding = 4; lastKnownFileType = text.json; path = landmarkData.json; sourceTree = "<group>"; };
		81CBA4B82B455976007E33A0 /* Landmark.swift */ = {isa = PBXFileReference; lastKnownFileType = sourcecode.swift; path = Landmark.swift; sourceTree = "<group>"; };
		81CBA4BA2B455BD0007E33A0 /* ModelData.swift */ = {isa = PBXFileReference; lastKnownFileType = sourcecode.swift; path = ModelData.swift; sourceTree = "<group>"; };
		81CBA4C12B455F42007E33A0 /* LandmarkRow.swift */ = {isa = PBXFileReference; lastKnownFileType = sourcecode.swift; path = LandmarkRow.swift; sourceTree = "<group>"; };
		81CBA4C32B4577E8007E33A0 /* LandmarkList.swift */ = {isa = PBXFileReference; lastKnownFileType = sourcecode.swift; path = LandmarkList.swift; sourceTree = "<group>"; };
/* End PBXFileReference section */

/* Begin PBXFrameworksBuildPhase section */
		81CBA4862B4558ED007E33A0 /* Frameworks */ = {
			isa = PBXFrameworksBuildPhase;
			buildActionMask = 2147483647;
			files = (
			);
			runOnlyForDeploymentPostprocessing = 0;
		};
		81CBA4962B4558EF007E33A0 /* Frameworks */ = {
			isa = PBXFrameworksBuildPhase;
			buildActionMask = 2147483647;
			files = (
			);
			runOnlyForDeploymentPostprocessing = 0;
		};
		81CBA4A02B4558EF007E33A0 /* Frameworks */ = {
			isa = PBXFrameworksBuildPhase;
			buildActionMask = 2147483647;
			files = (
			);
			runOnlyForDeploymentPostprocessing = 0;
		};
/* End PBXFrameworksBuildPhase section */

/* Begin PBXGroup section */
		814EE6D62B7337C0008595B4 /* Category */ = {
			isa = PBXGroup;
			children = (
				814EE6D72B7337E3008595B4 /* CategoryHome.swift */,
			);
			path = Category;
			sourceTree = "<group>";
		};
		815154B82B66868F00620BCC /* Hikes */ = {
			isa = PBXGroup;
			children = (
				815154B92B66868F00620BCC /* GraphCapsule.swift */,
				815154BA2B66868F00620BCC /* HikeGraph.swift */,
				815154BB2B66868F00620BCC /* HikeDetail.swift */,
				815154BC2B66868F00620BCC /* HikeView.swift */,
			);
			path = Hikes;
			sourceTree = "<group>";
		};
		815CF07D2B653F9500BCBEE0 /* Badges */ = {
			isa = PBXGroup;
			children = (
				815CF0772B653E6500BCBEE0 /* BadgeSymbol.swift */,
				815CF0792B653EEA00BCBEE0 /* RotatedBadgeSymbol.swift */,
				81B4BAFB2B6133A900883583 /* BadgeBackground.swift */,
				815CF07B2B653F3000BCBEE0 /* Badge.swift */,
				81B4BAF92B612FD900883583 /* HexagonParameters.swift */,
			);
			path = Badges;
			sourceTree = "<group>";
		};
		815D0D5E2B5CC07F005A4D48 /* Landmarks */ = {
			isa = PBXGroup;
			children = (
				81CBA4C12B455F42007E33A0 /* LandmarkRow.swift */,
				81CBA4C32B4577E8007E33A0 /* LandmarkList.swift */,
				81BB55BC2B46A717008C470C /* LandmarkDetail.swift */,
			);
			path = Landmarks;
			sourceTree = "<group>";
		};
		815D0D5F2B5CC0A8005A4D48 /* Helper */ = {
			isa = PBXGroup;
			children = (
				815D0D582B5CBFB6005A4D48 /* FavoriteButton.swift */,
				81BB55C02B46A7F4008C470C /* CircleImage.swift */,
				81BB55BE2B46A7E6008C470C /* MapView.swift */,
			);
			path = Helper;
			sourceTree = "<group>";
		};
		81CBA4802B4558ED007E33A0 = {
			isa = PBXGroup;
			children = (
				81CBA48B2B4558ED007E33A0 /* Landmarks */,
				81CBA4902B4558EF007E33A0 /* Assets.xcassets */,
				81CBA49C2B4558EF007E33A0 /* LandmarksTests */,
				81CBA4A62B4558EF007E33A0 /* LandmarksUITests */,
				81CBA48A2B4558ED007E33A0 /* Products */,
			);
			sourceTree = "<group>";
		};
		81CBA48A2B4558ED007E33A0 /* Products */ = {
			isa = PBXGroup;
			children = (
				81CBA4892B4558ED007E33A0 /* Landmarks.app */,
				81CBA4992B4558EF007E33A0 /* LandmarksTests.xctest */,
				81CBA4A32B4558EF007E33A0 /* LandmarksUITests.xctest */,
			);
			name = Products;
			sourceTree = "<group>";
		};
		81CBA48B2B4558ED007E33A0 /* Landmarks */ = {
			isa = PBXGroup;
			children = (
				815154B82B66868F00620BCC /* Hikes */,
				81CBA4BD2B455C1A007E33A0 /* Model */,
				81CBA4BE2B455C3E007E33A0 /* Views */,
				81CBA4BC2B455BF6007E33A0 /* Resources */,
				81CBA4922B4558EF007E33A0 /* Preview Content */,
			);
			path = Landmarks;
			sourceTree = "<group>";
		};
		81CBA4922B4558EF007E33A0 /* Preview Content */ = {
			isa = PBXGroup;
			children = (
				81CBA4932B4558EF007E33A0 /* Preview Assets.xcassets */,
			);
			path = "Preview Content";
			sourceTree = "<group>";
		};
		81CBA49C2B4558EF007E33A0 /* LandmarksTests */ = {
			isa = PBXGroup;
			children = (
				81CBA49D2B4558EF007E33A0 /* LandmarksTests.swift */,
			);
			path = LandmarksTests;
			sourceTree = "<group>";
		};
		81CBA4A62B4558EF007E33A0 /* LandmarksUITests */ = {
			isa = PBXGroup;
			children = (
				81CBA4A72B4558EF007E33A0 /* LandmarksUITests.swift */,
				81CBA4A92B4558EF007E33A0 /* LandmarksUITestsLaunchTests.swift */,
			);
			path = LandmarksUITests;
			sourceTree = "<group>";
		};
		81CBA4BC2B455BF6007E33A0 /* Resources */ = {
			isa = PBXGroup;
			children = (
				815154B42B667C2200620BCC /* hikeData.json */,
				81CBA4B62B45593C007E33A0 /* landmarkData.json */,
			);
			path = Resources;
			sourceTree = "<group>";
		};
		81CBA4BD2B455C1A007E33A0 /* Model */ = {
			isa = PBXGroup;
			children = (
				81CBA4BA2B455BD0007E33A0 /* ModelData.swift */,
				81CBA4B82B455976007E33A0 /* Landmark.swift */,
			);
			path = Model;
			sourceTree = "<group>";
		};
		81CBA4BE2B455C3E007E33A0 /* Views */ = {
			isa = PBXGroup;
			children = (
				814EE6D62B7337C0008595B4 /* Category */,
				815CF07D2B653F9500BCBEE0 /* Badges */,
				81CBA48C2B4558ED007E33A0 /* LandmarksApp.swift */,
				81CBA48E2B4558ED007E33A0 /* ContentView.swift */,
				815D0D5E2B5CC07F005A4D48 /* Landmarks */,
				815D0D5F2B5CC0A8005A4D48 /* Helper */,
				815154B62B66809200620BCC /* Hike.swift */,
			);
			path = Views;
			sourceTree = "<group>";
		};
/* End PBXGroup section */

/* Begin PBXNativeTarget section */
		81CBA4882B4558ED007E33A0 /* Landmarks */ = {
			isa = PBXNativeTarget;
			buildConfigurationList = 81CBA4AD2B4558EF007E33A0 /* Build configuration list for PBXNativeTarget "Landmarks" */;
			buildPhases = (
				81CBA4852B4558ED007E33A0 /* Sources */,
				81CBA4862B4558ED007E33A0 /* Frameworks */,
				81CBA4872B4558ED007E33A0 /* Resources */,
			);
			buildRules = (
			);
			dependencies = (
			);
			name = Landmarks;
			productName = Landmarks;
			productReference = 81CBA4892B4558ED007E33A0 /* Landmarks.app */;
			productType = "com.apple.product-type.application";
		};
		81CBA4982B4558EF007E33A0 /* LandmarksTests */ = {
			isa = PBXNativeTarget;
			buildConfigurationList = 81CBA4B02B4558EF007E33A0 /* Build configuration list for PBXNativeTarget "LandmarksTests" */;
			buildPhases = (
				81CBA4952B4558EF007E33A0 /* Sources */,
				81CBA4962B4558EF007E33A0 /* Frameworks */,
				81CBA4972B4558EF007E33A0 /* Resources */,
			);
			buildRules = (
			);
			dependencies = (
				81CBA49B2B4558EF007E33A0 /* PBXTargetDependency */,
			);
			name = LandmarksTests;
			productName = LandmarksTests;
			productReference = 81CBA4992B4558EF007E33A0 /* LandmarksTests.xctest */;
			productType = "com.apple.product-type.bundle.unit-test";
		};
		81CBA4A22B4558EF007E33A0 /* LandmarksUITests */ = {
			isa = PBXNativeTarget;
			buildConfigurationList = 81CBA4B32B4558EF007E33A0 /* Build configuration list for PBXNativeTarget "LandmarksUITests" */;
			buildPhases = (
				81CBA49F2B4558EF007E33A0 /* Sources */,
				81CBA4A02B4558EF007E33A0 /* Frameworks */,
				81CBA4A12B4558EF007E33A0 /* Resources */,
			);
			buildRules = (
			);
			dependencies = (
				81CBA4A52B4558EF007E33A0 /* PBXTargetDependency */,
			);
			name = LandmarksUITests;
			productName = LandmarksUITests;
			productReference = 81CBA4A32B4558EF007E33A0 /* LandmarksUITests.xctest */;
			productType = "com.apple.product-type.bundle.ui-testing";
		};
/* End PBXNativeTarget section */

/* Begin PBXProject section */
		81CBA4812B4558ED007E33A0 /* Project object */ = {
			isa = PBXProject;
			attributes = {
				BuildIndependentTargetsInParallel = 1;
				LastSwiftUpdateCheck = 1510;
				LastUpgradeCheck = 1510;
				TargetAttributes = {
					81CBA4882B4558ED007E33A0 = {
						CreatedOnToolsVersion = 15.1;
					};
					81CBA4982B4558EF007E33A0 = {
						CreatedOnToolsVersion = 15.1;
						TestTargetID = 81CBA4882B4558ED007E33A0;
					};
					81CBA4A22B4558EF007E33A0 = {
						CreatedOnToolsVersion = 15.1;
						TestTargetID = 81CBA4882B4558ED007E33A0;
					};
				};
			};
			buildConfigurationList = 81CBA4842B4558ED007E33A0 /* Build configuration list for PBXProject "Landmarks" */;
			compatibilityVersion = "Xcode 14.0";
			developmentRegion = en;
			hasScannedForEncodings = 0;
			knownRegions = (
				en,
				Base,
			);
			mainGroup = 81CBA4802B4558ED007E33A0;
			productRefGroup = 81CBA48A2B4558ED007E33A0 /* Products */;
			projectDirPath = "";
			projectRoot = "";
			targets = (
				81CBA4882B4558ED007E33A0 /* Landmarks */,
				81CBA4982B4558EF007E33A0 /* LandmarksTests */,
				81CBA4A22B4558EF007E33A0 /* LandmarksUITests */,
			);
		};
/* End PBXProject section */

/* Begin PBXResourcesBuildPhase section */
		81CBA4872B4558ED007E33A0 /* Resources */ = {
			isa = PBXResourcesBuildPhase;
			buildActionMask = 2147483647;
			files = (
				815154B52B667C2200620BCC /* hikeData.json in Resources */,
				81CBA4942B4558EF007E33A0 /* Preview Assets.xcassets in Resources */,
				81CBA4912B4558EF007E33A0 /* Assets.xcassets in Resources */,
				81CBA4B72B45593C007E33A0 /* landmarkData.json in Resources */,
			);
			runOnlyForDeploymentPostprocessing = 0;
		};
		81CBA4972B4558EF007E33A0 /* Resources */ = {
			isa = PBXResourcesBuildPhase;
			buildActionMask = 2147483647;
			files = (
			);
			runOnlyForDeploymentPostprocessing = 0;
		};
		81CBA4A12B4558EF007E33A0 /* Resources */ = {
			isa = PBXResourcesBuildPhase;
			buildActionMask = 2147483647;
			files = (
			);
			runOnlyForDeploymentPostprocessing = 0;
		};
/* End PBXResourcesBuildPhase section */

/* Begin PBXSourcesBuildPhase section */
		81CBA4852B4558ED007E33A0 /* Sources */ = {
			isa = PBXSourcesBuildPhase;
			buildActionMask = 2147483647;
			files = (
				81CBA48F2B4558ED007E33A0 /* ContentView.swift in Sources */,
				814EE6D82B7337E3008595B4 /* CategoryHome.swift in Sources */,
				815154BE2B66868F00620BCC /* HikeGraph.swift in Sources */,
				815CF07C2B653F3000BCBEE0 /* Badge.swift in Sources */,
				81BB55BF2B46A7E6008C470C /* MapView.swift in Sources */,
				815154BD2B66868F00620BCC /* GraphCapsule.swift in Sources */,
				81CBA4C42B4577E8007E33A0 /* LandmarkList.swift in Sources */,
				815D0D592B5CBFB6005A4D48 /* FavoriteButton.swift in Sources */,
				815154BF2B66868F00620BCC /* HikeDetail.swift in Sources */,
				81B4BAFA2B612FD900883583 /* HexagonParameters.swift in Sources */,
				815154B72B66809200620BCC /* Hike.swift in Sources */,
				815CF07A2B653EEA00BCBEE0 /* RotatedBadgeSymbol.swift in Sources */,
				815CF0782B653E6500BCBEE0 /* BadgeSymbol.swift in Sources */,
				81CBA4BB2B455BD0007E33A0 /* ModelData.swift in Sources */,
				815154C02B66868F00620BCC /* HikeView.swift in Sources */,
				81CBA48D2B4558ED007E33A0 /* LandmarksApp.swift in Sources */,
				81B4BAFC2B6133A900883583 /* BadgeBackground.swift in Sources */,
				81BB55C12B46A7F4008C470C /* CircleImage.swift in Sources */,
				81CBA4C22B455F42007E33A0 /* LandmarkRow.swift in Sources */,
				81CBA4B92B455976007E33A0 /* Landmark.swift in Sources */,
				81BB55BD2B46A717008C470C /* LandmarkDetail.swift in Sources */,
			);
			runOnlyForDeploymentPostprocessing = 0;
		};
		81CBA4952B4558EF007E33A0 /* Sources */ = {
			isa = PBXSourcesBuildPhase;
			buildActionMask = 2147483647;
			files = (
				81CBA49E2B4558EF007E33A0 /* LandmarksTests.swift in Sources */,
			);
			runOnlyForDeploymentPostprocessing = 0;
		};
		81CBA49F2B4558EF007E33A0 /* Sources */ = {
			isa = PBXSourcesBuildPhase;
			buildActionMask = 2147483647;
			files = (
				81CBA4AA2B4558EF007E33A0 /* LandmarksUITestsLaunchTests.swift in Sources */,
				81CBA4A82B4558EF007E33A0 /* LandmarksUITests.swift in Sources */,
			);
			runOnlyForDeploymentPostprocessing = 0;
		};
/* End PBXSourcesBuildPhase section */

/* Begin PBXTargetDependency section */
		81CBA49B2B4558EF007E33A0 /* PBXTargetDependency */ = {
			isa = PBXTargetDependency;
			target = 81CBA4882B4558ED007E33A0 /* Landmarks */;
			targetProxy = 81CBA49A2B4558EF007E33A0 /* PBXContainerItemProxy */;
		};
		81CBA4A52B4558EF007E33A0 /* PBXTargetDependency */ = {
			isa = PBXTargetDependency;
			target = 81CBA4882B4558ED007E33A0 /* Landmarks */;
			targetProxy = 81CBA4A42B4558EF007E33A0 /* PBXContainerItemProxy */;
		};
/* End PBXTargetDependency section */

/* Begin XCBuildConfiguration section */
		81CBA4AB2B4558EF007E33A0 /* Debug */ = {
			isa = XCBuildConfiguration;
			buildSettings = {
				ALWAYS_SEARCH_USER_PATHS = NO;
				ASSETCATALOG_COMPILER_GENERATE_SWIFT_ASSET_SYMBOL_EXTENSIONS = YES;
				CLANG_ANALYZER_NONNULL = YES;
				CLANG_ANALYZER_NUMBER_OBJECT_CONVERSION = YES_AGGRESSIVE;
				CLANG_CXX_LANGUAGE_STANDARD = "gnu++20";
				CLANG_ENABLE_MODULES = YES;
				CLANG_ENABLE_OBJC_ARC = YES;
				CLANG_ENABLE_OBJC_WEAK = YES;
				CLANG_WARN_BLOCK_CAPTURE_AUTORELEASING = YES;
				CLANG_WARN_BOOL_CONVERSION = YES;
				CLANG_WARN_COMMA = YES;
				CLANG_WARN_CONSTANT_CONVERSION = YES;
				CLANG_WARN_DEPRECATED_OBJC_IMPLEMENTATIONS = YES;
				CLANG_WARN_DIRECT_OBJC_ISA_USAGE = YES_ERROR;
				CLANG_WARN_DOCUMENTATION_COMMENTS = YES;
				CLANG_WARN_EMPTY_BODY = YES;
				CLANG_WARN_ENUM_CONVERSION = YES;
				CLANG_WARN_INFINITE_RECURSION = YES;
				CLANG_WARN_INT_CONVERSION = YES;
				CLANG_WARN_NON_LITERAL_NULL_CONVERSION = YES;
				CLANG_WARN_OBJC_IMPLICIT_RETAIN_SELF = YES;
				CLANG_WARN_OBJC_LITERAL_CONVERSION = YES;
				CLANG_WARN_OBJC_ROOT_CLASS = YES_ERROR;
				CLANG_WARN_QUOTED_INCLUDE_IN_FRAMEWORK_HEADER = YES;
				CLANG_WARN_RANGE_LOOP_ANALYSIS = YES;
				CLANG_WARN_STRICT_PROTOTYPES = YES;
				CLANG_WARN_SUSPICIOUS_MOVE = YES;
				CLANG_WARN_UNGUARDED_AVAILABILITY = YES_AGGRESSIVE;
				CLANG_WARN_UNREACHABLE_CODE = YES;
				CLANG_WARN__DUPLICATE_METHOD_MATCH = YES;
				COPY_PHASE_STRIP = NO;
				DEBUG_INFORMATION_FORMAT = dwarf;
				ENABLE_STRICT_OBJC_MSGSEND = YES;
				ENABLE_TESTABILITY = YES;
				ENABLE_USER_SCRIPT_SANDBOXING = YES;
				GCC_C_LANGUAGE_STANDARD = gnu17;
				GCC_DYNAMIC_NO_PIC = NO;
				GCC_NO_COMMON_BLOCKS = YES;
				GCC_OPTIMIZATION_LEVEL = 0;
				GCC_PREPROCESSOR_DEFINITIONS = (
					"DEBUG=1",
					"$(inherited)",
				);
				GCC_WARN_64_TO_32_BIT_CONVERSION = YES;
				GCC_WARN_ABOUT_RETURN_TYPE = YES_ERROR;
				GCC_WARN_UNDECLARED_SELECTOR = YES;
				GCC_WARN_UNINITIALIZED_AUTOS = YES_AGGRESSIVE;
				GCC_WARN_UNUSED_FUNCTION = YES;
				GCC_WARN_UNUSED_VARIABLE = YES;
				IPHONEOS_DEPLOYMENT_TARGET = 17.2;
				LOCALIZATION_PREFERS_STRING_CATALOGS = YES;
				MTL_ENABLE_DEBUG_INFO = INCLUDE_SOURCE;
				MTL_FAST_MATH = YES;
				ONLY_ACTIVE_ARCH = YES;
				SDKROOT = iphoneos;
				SWIFT_ACTIVE_COMPILATION_CONDITIONS = "DEBUG $(inherited)";
				SWIFT_OPTIMIZATION_LEVEL = "-Onone";
			};
			name = Debug;
		};
		81CBA4AC2B4558EF007E33A0 /* Release */ = {
			isa = XCBuildConfiguration;
			buildSettings = {
				ALWAYS_SEARCH_USER_PATHS = NO;
				ASSETCATALOG_COMPILER_GENERATE_SWIFT_ASSET_SYMBOL_EXTENSIONS = YES;
				CLANG_ANALYZER_NONNULL = YES;
				CLANG_ANALYZER_NUMBER_OBJECT_CONVERSION = YES_AGGRESSIVE;
				CLANG_CXX_LANGUAGE_STANDARD = "gnu++20";
				CLANG_ENABLE_MODULES = YES;
				CLANG_ENABLE_OBJC_ARC = YES;
				CLANG_ENABLE_OBJC_WEAK = YES;
				CLANG_WARN_BLOCK_CAPTURE_AUTORELEASING = YES;
				CLANG_WARN_BOOL_CONVERSION = YES;
				CLANG_WARN_COMMA = YES;
				CLANG_WARN_CONSTANT_CONVERSION = YES;
				CLANG_WARN_DEPRECATED_OBJC_IMPLEMENTATIONS = YES;
				CLANG_WARN_DIRECT_OBJC_ISA_USAGE = YES_ERROR;
				CLANG_WARN_DOCUMENTATION_COMMENTS = YES;
				CLANG_WARN_EMPTY_BODY = YES;
				CLANG_WARN_ENUM_CONVERSION = YES;
				CLANG_WARN_INFINITE_RECURSION = YES;
				CLANG_WARN_INT_CONVERSION = YES;
				CLANG_WARN_NON_LITERAL_NULL_CONVERSION = YES;
				CLANG_WARN_OBJC_IMPLICIT_RETAIN_SELF = YES;
				CLANG_WARN_OBJC_LITERAL_CONVERSION = YES;
				CLANG_WARN_OBJC_ROOT_CLASS = YES_ERROR;
				CLANG_WARN_QUOTED_INCLUDE_IN_FRAMEWORK_HEADER = YES;
				CLANG_WARN_RANGE_LOOP_ANALYSIS = YES;
				CLANG_WARN_STRICT_PROTOTYPES = YES;
				CLANG_WARN_SUSPICIOUS_MOVE = YES;
				CLANG_WARN_UNGUARDED_AVAILABILITY = YES_AGGRESSIVE;
				CLANG_WARN_UNREACHABLE_CODE = YES;
				CLANG_WARN__DUPLICATE_METHOD_MATCH = YES;
				COPY_PHASE_STRIP = NO;
				DEBUG_INFORMATION_FORMAT = "dwarf-with-dsym";
				ENABLE_NS_ASSERTIONS = NO;
				ENABLE_STRICT_OBJC_MSGSEND = YES;
				ENABLE_USER_SCRIPT_SANDBOXING = YES;
				GCC_C_LANGUAGE_STANDARD = gnu17;
				GCC_NO_COMMON_BLOCKS = YES;
				GCC_WARN_64_TO_32_BIT_CONVERSION = YES;
				GCC_WARN_ABOUT_RETURN_TYPE = YES_ERROR;
				GCC_WARN_UNDECLARED_SELECTOR = YES;
				GCC_WARN_UNINITIALIZED_AUTOS = YES_AGGRESSIVE;
				GCC_WARN_UNUSED_FUNCTION = YES;
				GCC_WARN_UNUSED_VARIABLE = YES;
				IPHONEOS_DEPLOYMENT_TARGET = 17.2;
				LOCALIZATION_PREFERS_STRING_CATALOGS = YES;
				MTL_ENABLE_DEBUG_INFO = NO;
				MTL_FAST_MATH = YES;
				SDKROOT = iphoneos;
				SWIFT_COMPILATION_MODE = wholemodule;
				VALIDATE_PRODUCT = YES;
			};
			name = Release;
		};
		81CBA4AE2B4558EF007E33A0 /* Debug */ = {
			isa = XCBuildConfiguration;
			buildSettings = {
				ASSETCATALOG_COMPILER_APPICON_NAME = AppIcon;
				ASSETCATALOG_COMPILER_GLOBAL_ACCENT_COLOR_NAME = AccentColor;
				CODE_SIGN_STYLE = Automatic;
				CURRENT_PROJECT_VERSION = 1;
				DEVELOPMENT_ASSET_PATHS = "\"Landmarks/Preview Content\"";
				ENABLE_PREVIEWS = YES;
				GENERATE_INFOPLIST_FILE = YES;
				INFOPLIST_KEY_UIApplicationSceneManifest_Generation = YES;
				INFOPLIST_KEY_UIApplicationSupportsIndirectInputEvents = YES;
				INFOPLIST_KEY_UILaunchScreen_Generation = YES;
				INFOPLIST_KEY_UISupportedInterfaceOrientations_iPad = "UIInterfaceOrientationPortrait UIInterfaceOrientationPortraitUpsideDown UIInterfaceOrientationLandscapeLeft UIInterfaceOrientationLandscapeRight";
				INFOPLIST_KEY_UISupportedInterfaceOrientations_iPhone = "UIInterfaceOrientationPortrait UIInterfaceOrientationLandscapeLeft UIInterfaceOrientationLandscapeRight";
				LD_RUNPATH_SEARCH_PATHS = (
					"$(inherited)",
					"@executable_path/Frameworks",
				);
				MARKETING_VERSION = 1.0;
				PRODUCT_BUNDLE_IDENTIFIER = Qwertyuu.Landmarks;
				PRODUCT_NAME = "$(TARGET_NAME)";
				SWIFT_EMIT_LOC_STRINGS = YES;
				SWIFT_VERSION = 5.0;
				TARGETED_DEVICE_FAMILY = "1,2";
			};
			name = Debug;
		};
		81CBA4AF2B4558EF007E33A0 /* Release */ = {
			isa = XCBuildConfiguration;
			buildSettings = {
				ASSETCATALOG_COMPILER_APPICON_NAME = AppIcon;
				ASSETCATALOG_COMPILER_GLOBAL_ACCENT_COLOR_NAME = AccentColor;
				CODE_SIGN_STYLE = Automatic;
				CURRENT_PROJECT_VERSION = 1;
				DEVELOPMENT_ASSET_PATHS = "\"Landmarks/Preview Content\"";
				ENABLE_PREVIEWS = YES;
				GENERATE_INFOPLIST_FILE = YES;
				INFOPLIST_KEY_UIApplicationSceneManifest_Generation = YES;
				INFOPLIST_KEY_UIApplicationSupportsIndirectInputEvents = YES;
				INFOPLIST_KEY_UILaunchScreen_Generation = YES;
				INFOPLIST_KEY_UISupportedInterfaceOrientations_iPad = "UIInterfaceOrientationPortrait UIInterfaceOrientationPortraitUpsideDown UIInterfaceOrientationLandscapeLeft UIInterfaceOrientationLandscapeRight";
				INFOPLIST_KEY_UISupportedInterfaceOrientations_iPhone = "UIInterfaceOrientationPortrait UIInterfaceOrientationLandscapeLeft UIInterfaceOrientationLandscapeRight";
				LD_RUNPATH_SEARCH_PATHS = (
					"$(inherited)",
					"@executable_path/Frameworks",
				);
				MARKETING_VERSION = 1.0;
				PRODUCT_BUNDLE_IDENTIFIER = Qwertyuu.Landmarks;
				PRODUCT_NAME = "$(TARGET_NAME)";
				SWIFT_EMIT_LOC_STRINGS = YES;
				SWIFT_VERSION = 5.0;
				TARGETED_DEVICE_FAMILY = "1,2";
			};
			name = Release;
		};
		81CBA4B12B4558EF007E33A0 /* Debug */ = {
			isa = XCBuildConfiguration;
			buildSettings = {
				ALWAYS_EMBED_SWIFT_STANDARD_LIBRARIES = YES;
				BUNDLE_LOADER = "$(TEST_HOST)";
				CODE_SIGN_STYLE = Automatic;
				CURRENT_PROJECT_VERSION = 1;
				GENERATE_INFOPLIST_FILE = YES;
				IPHONEOS_DEPLOYMENT_TARGET = 17.2;
				MARKETING_VERSION = 1.0;
				PRODUCT_BUNDLE_IDENTIFIER = Qwertyuu.LandmarksTests;
				PRODUCT_NAME = "$(TARGET_NAME)";
				SWIFT_EMIT_LOC_STRINGS = NO;
				SWIFT_VERSION = 5.0;
				TARGETED_DEVICE_FAMILY = "1,2";
				TEST_HOST = "$(BUILT_PRODUCTS_DIR)/Landmarks.app/$(BUNDLE_EXECUTABLE_FOLDER_PATH)/Landmarks";
			};
			name = Debug;
		};
		81CBA4B22B4558EF007E33A0 /* Release */ = {
			isa = XCBuildConfiguration;
			buildSettings = {
				ALWAYS_EMBED_SWIFT_STANDARD_LIBRARIES = YES;
				BUNDLE_LOADER = "$(TEST_HOST)";
				CODE_SIGN_STYLE = Automatic;
				CURRENT_PROJECT_VERSION = 1;
				GENERATE_INFOPLIST_FILE = YES;
				IPHONEOS_DEPLOYMENT_TARGET = 17.2;
				MARKETING_VERSION = 1.0;
				PRODUCT_BUNDLE_IDENTIFIER = Qwertyuu.LandmarksTests;
				PRODUCT_NAME = "$(TARGET_NAME)";
				SWIFT_EMIT_LOC_STRINGS = NO;
				SWIFT_VERSION = 5.0;
				TARGETED_DEVICE_FAMILY = "1,2";
				TEST_HOST = "$(BUILT_PRODUCTS_DIR)/Landmarks.app/$(BUNDLE_EXECUTABLE_FOLDER_PATH)/Landmarks";
			};
			name = Release;
		};
		81CBA4B42B4558EF007E33A0 /* Debug */ = {
			isa = XCBuildConfiguration;
			buildSettings = {
				ALWAYS_EMBED_SWIFT_STANDARD_LIBRARIES = YES;
				CODE_SIGN_STYLE = Automatic;
				CURRENT_PROJECT_VERSION = 1;
				GENERATE_INFOPLIST_FILE = YES;
				MARKETING_VERSION = 1.0;
				PRODUCT_BUNDLE_IDENTIFIER = Qwertyuu.LandmarksUITests;
				PRODUCT_NAME = "$(TARGET_NAME)";
				SWIFT_EMIT_LOC_STRINGS = NO;
				SWIFT_VERSION = 5.0;
				TARGETED_DEVICE_FAMILY = "1,2";
				TEST_TARGET_NAME = Landmarks;
			};
			name = Debug;
		};
		81CBA4B52B4558EF007E33A0 /* Release */ = {
			isa = XCBuildConfiguration;
			buildSettings = {
				ALWAYS_EMBED_SWIFT_STANDARD_LIBRARIES = YES;
				CODE_SIGN_STYLE = Automatic;
				CURRENT_PROJECT_VERSION = 1;
				GENERATE_INFOPLIST_FILE = YES;
				MARKETING_VERSION = 1.0;
				PRODUCT_BUNDLE_IDENTIFIER = Qwertyuu.LandmarksUITests;
				PRODUCT_NAME = "$(TARGET_NAME)";
				SWIFT_EMIT_LOC_STRINGS = NO;
				SWIFT_VERSION = 5.0;
				TARGETED_DEVICE_FAMILY = "1,2";
				TEST_TARGET_NAME = Landmarks;
			};
			name = Release;
		};
/* End XCBuildConfiguration section */

/* Begin XCConfigurationList section */
		81CBA4842B4558ED007E33A0 /* Build configuration list for PBXProject "Landmarks" */ = {
			isa = XCConfigurationList;
			buildConfigurations = (
				81CBA4AB2B4558EF007E33A0 /* Debug */,
				81CBA4AC2B4558EF007E33A0 /* Release */,
			);
			defaultConfigurationIsVisible = 0;
			defaultConfigurationName = Release;
		};
		81CBA4AD2B4558EF007E33A0 /* Build configuration list for PBXNativeTarget "Landmarks" */ = {
			isa = XCConfigurationList;
			buildConfigurations = (
				81CBA4AE2B4558EF007E33A0 /* Debug */,
				81CBA4AF2B4558EF007E33A0 /* Release */,
			);
			defaultConfigurationIsVisible = 0;
			defaultConfigurationName = Release;
		};
		81CBA4B02B4558EF007E33A0 /* Build configuration list for PBXNativeTarget "LandmarksTests" */ = {
			isa = XCConfigurationList;
			buildConfigurations = (
				81CBA4B12B4558EF007E33A0 /* Debug */,
				81CBA4B22B4558EF007E33A0 /* Release */,
			);
			defaultConfigurationIsVisible = 0;
			defaultConfigurationName = Release;
		};
		81CBA4B32B4558EF007E33A0 /* Build configuration list for PBXNativeTarget "LandmarksUITests" */ = {
			isa = XCConfigurationList;
			buildConfigurations = (
				81CBA4B42B4558EF007E33A0 /* Debug */,
				81CBA4B52B4558EF007E33A0 /* Release */,
			);
			defaultConfigurationIsVisible = 0;
			defaultConfigurationName = Release;
		};
/* End XCConfigurationList section */
	};
	rootObject = 81CBA4812B4558ED007E33A0 /* Project object */;
}
